
Microsoft Visual Studio Solution File, Format Version 12.00
# Visual Studio Version 17
VisualStudioVersion = 17.3.32929.385
MinimumVisualStudioVersion = 10.0.40219.1
Project("{FAE04EC0-301F-11D3-BF4B-00C04F79EFBC}") = "WindowsEFPracticaEnCapas", "WindowsEFPracticaEnCapas\WindowsEFPracticaEnCapas.csproj", "{41F4010F-78DF-47DC-8DD8-11F56C214066}"
EndProject
Global
	GlobalSection(SolutionConfigurationPlatforms) = preSolution
		Debug|Any CPU = Debug|Any CPU
		Release|Any CPU = Release|Any CPU
	EndGlobalSection
	GlobalSection(ProjectConfigurationPlatforms) = postSolution
		{41F4010F-78DF-47DC-8DD8-11F56C214066}.Debug|Any CPU.ActiveCfg = Debug|Any CPU
		{41F4010F-78DF-47DC-8DD8-11F56C214066}.Debug|Any CPU.Build.0 = Debug|Any CPU
		{41F4010F-78DF-47DC-8DD8-11F56C214066}.Release|Any CPU.ActiveCfg = Release|Any CPU
		{41F4010F-78DF-47DC-8DD8-11F56C214066}.Release|Any CPU.Build.0 = Release|Any CPU
	EndGlobalSection
	GlobalSection(SolutionProperties) = preSolution
		HideSolutionNode = FALSE
	EndGlobalSection
	GlobalSection(ExtensibilityGlobals) = postSolution
		SolutionGuid = {A91490C7-A9C4-44ED-8A02-A884C61CF8D1}
	EndGlobalSection
EndGlobal
